// !$*UTF8*$!
{
	archiveVersion = 1;
	classes = {
	};
	objectVersion = 48;
	objects = {

/* Begin PBXBuildFile section */
		AC074AE7208E9481003E0CA7 /* AppDelegate.swift in Sources */ = {isa = PBXBuildFile; fileRef = AC074AE6208E9481003E0CA7 /* AppDelegate.swift */; };
		AC074AE9208E9481003E0CA7 /* ViewController.swift in Sources */ = {isa = PBXBuildFile; fileRef = AC074AE8208E9481003E0CA7 /* ViewController.swift */; };
		AC074AEC208E9481003E0CA7 /* Main.storyboard in Resources */ = {isa = PBXBuildFile; fileRef = AC074AEA208E9481003E0CA7 /* Main.storyboard */; };
		AC074AEE208E9481003E0CA7 /* Assets.xcassets in Resources */ = {isa = PBXBuildFile; fileRef = AC074AED208E9481003E0CA7 /* Assets.xcassets */; };
		AC074AF1208E9481003E0CA7 /* LaunchScreen.storyboard in Resources */ = {isa = PBXBuildFile; fileRef = AC074AEF208E9481003E0CA7 /* LaunchScreen.storyboard */; };
		AC074AF9208EA3C2003E0CA7 /* ItemRegisterViewController.swift in Sources */ = {isa = PBXBuildFile; fileRef = AC074AF8208EA3C2003E0CA7 /* ItemRegisterViewController.swift */; };
		AC074AFB208EA846003E0CA7 /* ProductsTableViewController.swift in Sources */ = {isa = PBXBuildFile; fileRef = AC074AFA208EA846003E0CA7 /* ProductsTableViewController.swift */; };
		AC074AFE208EB2E8003E0CA7 /* baseLocalCoreData.swift in Sources */ = {isa = PBXBuildFile; fileRef = AC074AFD208EB2E8003E0CA7 /* baseLocalCoreData.swift */; };
		AC074B01208EB38D003E0CA7 /* AppDelegate.xcdatamodeld in Sources */ = {isa = PBXBuildFile; fileRef = AC074AFF208EB38D003E0CA7 /* AppDelegate.xcdatamodeld */; };
		AC197AE1209E1F1B008C4DDA /* TotalProductsViewController.swift in Sources */ = {isa = PBXBuildFile; fileRef = AC197AE0209E1F1B008C4DDA /* TotalProductsViewController.swift */; };
		AC197AE3209E2077008C4DDA /* Settings.bundle in Resources */ = {isa = PBXBuildFile; fileRef = AC197AE2209E2077008C4DDA /* Settings.bundle */; };
		EB418CAA209A310D007A88FB /* ProductTableViewCell.swift in Sources */ = {isa = PBXBuildFile; fileRef = EB418CA9209A310D007A88FB /* ProductTableViewCell.swift */; };
		EB705A3E209BD1B000255631 /* StateViewController.swift in Sources */ = {isa = PBXBuildFile; fileRef = EB705A3D209BD1B000255631 /* StateViewController.swift */; };
		EB705A40209BD21E00255631 /* StateTableViewCell.swift in Sources */ = {isa = PBXBuildFile; fileRef = EB705A3F209BD21E00255631 /* StateTableViewCell.swift */; };
		EB705A42209BD88F00255631 /* StateManager.swift in Sources */ = {isa = PBXBuildFile; fileRef = EB705A41209BD88F00255631 /* StateManager.swift */; };
		EB705A44209BD95F00255631 /* Configuration.swift in Sources */ = {isa = PBXBuildFile; fileRef = EB705A43209BD95F00255631 /* Configuration.swift */; };
		EB705A46209BDA0300255631 /* Calcular.swift in Sources */ = {isa = PBXBuildFile; fileRef = EB705A45209BDA0300255631 /* Calcular.swift */; };
/* End PBXBuildFile section */

/* Begin PBXFileReference section */
		AC074AE3208E9481003E0CA7 /* valorReal.app */ = {isa = PBXFileReference; explicitFileType = wrapper.application; includeInIndex = 0; path = valorReal.app; sourceTree = BUILT_PRODUCTS_DIR; };
		AC074AE6208E9481003E0CA7 /* AppDelegate.swift */ = {isa = PBXFileReference; lastKnownFileType = sourcecode.swift; path = AppDelegate.swift; sourceTree = "<group>"; };
		AC074AE8208E9481003E0CA7 /* ViewController.swift */ = {isa = PBXFileReference; lastKnownFileType = sourcecode.swift; path = ViewController.swift; sourceTree = "<group>"; };
		AC074AEB208E9481003E0CA7 /* Base */ = {isa = PBXFileReference; lastKnownFileType = file.storyboard; name = Base; path = Base.lproj/Main.storyboard; sourceTree = "<group>"; };
		AC074AED208E9481003E0CA7 /* Assets.xcassets */ = {isa = PBXFileReference; lastKnownFileType = folder.assetcatalog; path = Assets.xcassets; sourceTree = "<group>"; };
		AC074AF0208E9481003E0CA7 /* Base */ = {isa = PBXFileReference; lastKnownFileType = file.storyboard; name = Base; path = Base.lproj/LaunchScreen.storyboard; sourceTree = "<group>"; };
		AC074AF2208E9481003E0CA7 /* Info.plist */ = {isa = PBXFileReference; lastKnownFileType = text.plist.xml; path = Info.plist; sourceTree = "<group>"; };
		AC074AF8208EA3C2003E0CA7 /* ItemRegisterViewController.swift */ = {isa = PBXFileReference; lastKnownFileType = sourcecode.swift; path = ItemRegisterViewController.swift; sourceTree = "<group>"; };
		AC074AFA208EA846003E0CA7 /* ProductsTableViewController.swift */ = {isa = PBXFileReference; lastKnownFileType = sourcecode.swift; path = ProductsTableViewController.swift; sourceTree = "<group>"; };
		AC074AFD208EB2E8003E0CA7 /* baseLocalCoreData.swift */ = {isa = PBXFileReference; lastKnownFileType = sourcecode.swift; path = baseLocalCoreData.swift; sourceTree = "<group>"; };
		AC074B00208EB38D003E0CA7 /* AppDelegate.xcdatamodel */ = {isa = PBXFileReference; lastKnownFileType = wrapper.xcdatamodel; path = AppDelegate.xcdatamodel; sourceTree = "<group>"; };
		AC197AE0209E1F1B008C4DDA /* TotalProductsViewController.swift */ = {isa = PBXFileReference; lastKnownFileType = sourcecode.swift; path = TotalProductsViewController.swift; sourceTree = "<group>"; };
		AC197AE2209E2077008C4DDA /* Settings.bundle */ = {isa = PBXFileReference; lastKnownFileType = "wrapper.plug-in"; path = Settings.bundle; sourceTree = "<group>"; };
		EB418CA9209A310D007A88FB /* ProductTableViewCell.swift */ = {isa = PBXFileReference; lastKnownFileType = sourcecode.swift; path = ProductTableViewCell.swift; sourceTree = "<group>"; };
		EB705A3D209BD1B000255631 /* StateViewController.swift */ = {isa = PBXFileReference; lastKnownFileType = sourcecode.swift; path = StateViewController.swift; sourceTree = "<group>"; };
		EB705A3F209BD21E00255631 /* StateTableViewCell.swift */ = {isa = PBXFileReference; lastKnownFileType = sourcecode.swift; path = StateTableViewCell.swift; sourceTree = "<group>"; };
		EB705A41209BD88F00255631 /* StateManager.swift */ = {isa = PBXFileReference; lastKnownFileType = sourcecode.swift; path = StateManager.swift; sourceTree = "<group>"; };
		EB705A43209BD95F00255631 /* Configuration.swift */ = {isa = PBXFileReference; lastKnownFileType = sourcecode.swift; path = Configuration.swift; sourceTree = "<group>"; };
		EB705A45209BDA0300255631 /* Calcular.swift */ = {isa = PBXFileReference; lastKnownFileType = sourcecode.swift; path = Calcular.swift; sourceTree = "<group>"; };
/* End PBXFileReference section */

/* Begin PBXFrameworksBuildPhase section */
		AC074AE0208E9481003E0CA7 /* Frameworks */ = {
			isa = PBXFrameworksBuildPhase;
			buildActionMask = 2147483647;
			files = (
			);
			runOnlyForDeploymentPostprocessing = 0;
		};
/* End PBXFrameworksBuildPhase section */

/* Begin PBXGroup section */
		AC074ADA208E9481003E0CA7 = {
			isa = PBXGroup;
			children = (
				AC197AE2209E2077008C4DDA /* Settings.bundle */,
				AC074AFC208EB2B9003E0CA7 /* baseLocal */,
				AC074AE5208E9481003E0CA7 /* valorReal */,
				AC074AE4208E9481003E0CA7 /* Products */,
			);
			sourceTree = "<group>";
		};
		AC074AE4208E9481003E0CA7 /* Products */ = {
			isa = PBXGroup;
			children = (
				AC074AE3208E9481003E0CA7 /* valorReal.app */,
			);
			name = Products;
			sourceTree = "<group>";
		};
		AC074AE5208E9481003E0CA7 /* valorReal */ = {
			isa = PBXGroup;
			children = (
				AC074AE6208E9481003E0CA7 /* AppDelegate.swift */,
				AC074AE8208E9481003E0CA7 /* ViewController.swift */,
				AC074AEA208E9481003E0CA7 /* Main.storyboard */,
				EB418CA9209A310D007A88FB /* ProductTableViewCell.swift */,
				AC074AFA208EA846003E0CA7 /* ProductsTableViewController.swift */,
				AC197AE0209E1F1B008C4DDA /* TotalProductsViewController.swift */,
				AC074AED208E9481003E0CA7 /* Assets.xcassets */,
				AC074AEF208E9481003E0CA7 /* LaunchScreen.storyboard */,
				AC074AF2208E9481003E0CA7 /* Info.plist */,
				AC074AF8208EA3C2003E0CA7 /* ItemRegisterViewController.swift */,
				AC074AFF208EB38D003E0CA7 /* AppDelegate.xcdatamodeld */,
				EB705A3D209BD1B000255631 /* StateViewController.swift */,
				EB705A3F209BD21E00255631 /* StateTableViewCell.swift */,
				EB705A41209BD88F00255631 /* StateManager.swift */,
				EB705A43209BD95F00255631 /* Configuration.swift */,
				EB705A45209BDA0300255631 /* Calcular.swift */,
			);
			path = valorReal;
			sourceTree = "<group>";
		};
		AC074AFC208EB2B9003E0CA7 /* baseLocal */ = {
			isa = PBXGroup;
			children = (
				AC074AFD208EB2E8003E0CA7 /* baseLocalCoreData.swift */,
			);
			path = baseLocal;
			sourceTree = "<group>";
		};
/* End PBXGroup section */

/* Begin PBXNativeTarget section */
		AC074AE2208E9481003E0CA7 /* valorReal */ = {
			isa = PBXNativeTarget;
			buildConfigurationList = AC074AF5208E9481003E0CA7 /* Build configuration list for PBXNativeTarget "valorReal" */;
			buildPhases = (
				AC074ADF208E9481003E0CA7 /* Sources */,
				AC074AE0208E9481003E0CA7 /* Frameworks */,
				AC074AE1208E9481003E0CA7 /* Resources */,
			);
			buildRules = (
			);
			dependencies = (
			);
			name = valorReal;
			productName = valorReal;
			productReference = AC074AE3208E9481003E0CA7 /* valorReal.app */;
			productType = "com.apple.product-type.application";
		};
/* End PBXNativeTarget section */

/* Begin PBXProject section */
		AC074ADB208E9481003E0CA7 /* Project object */ = {
			isa = PBXProject;
			attributes = {
				LastSwiftUpdateCheck = 0920;
				LastUpgradeCheck = 0930;
				ORGANIZATIONNAME = "Usuário Convidado";
				TargetAttributes = {
					AC074AE2208E9481003E0CA7 = {
						CreatedOnToolsVersion = 9.2;
						ProvisioningStyle = Automatic;
					};
				};
			};
			buildConfigurationList = AC074ADE208E9481003E0CA7 /* Build configuration list for PBXProject "valorReal" */;
			compatibilityVersion = "Xcode 8.0";
			developmentRegion = en;
			hasScannedForEncodings = 0;
			knownRegions = (
				en,
				Base,
			);
			mainGroup = AC074ADA208E9481003E0CA7;
			productRefGroup = AC074AE4208E9481003E0CA7 /* Products */;
			projectDirPath = "";
			projectRoot = "";
			targets = (
				AC074AE2208E9481003E0CA7 /* valorReal */,
			);
		};
/* End PBXProject section */

/* Begin PBXResourcesBuildPhase section */
		AC074AE1208E9481003E0CA7 /* Resources */ = {
			isa = PBXResourcesBuildPhase;
			buildActionMask = 2147483647;
			files = (
				AC197AE3209E2077008C4DDA /* Settings.bundle in Resources */,
				AC074AF1208E9481003E0CA7 /* LaunchScreen.storyboard in Resources */,
				AC074AEE208E9481003E0CA7 /* Assets.xcassets in Resources */,
				AC074AEC208E9481003E0CA7 /* Main.storyboard in Resources */,
			);
			runOnlyForDeploymentPostprocessing = 0;
		};
/* End PBXResourcesBuildPhase section */

/* Begin PBXSourcesBuildPhase section */
		AC074ADF208E9481003E0CA7 /* Sources */ = {
			isa = PBXSourcesBuildPhase;
			buildActionMask = 2147483647;
			files = (
				EB418CAA209A310D007A88FB /* ProductTableViewCell.swift in Sources */,
				AC074AE9208E9481003E0CA7 /* ViewController.swift in Sources */,
				AC074AFB208EA846003E0CA7 /* ProductsTableViewController.swift in Sources */,
				EB705A44209BD95F00255631 /* Configuration.swift in Sources */,
				AC074B01208EB38D003E0CA7 /* AppDelegate.xcdatamodeld in Sources */,
				EB705A3E209BD1B000255631 /* StateViewController.swift in Sources */,
				AC197AE1209E1F1B008C4DDA /* TotalProductsViewController.swift in Sources */,
				EB705A42209BD88F00255631 /* StateManager.swift in Sources */,
				AC074AF9208EA3C2003E0CA7 /* ItemRegisterViewController.swift in Sources */,
				EB705A46209BDA0300255631 /* Calcular.swift in Sources */,
				EB705A40209BD21E00255631 /* StateTableViewCell.swift in Sources */,
				AC074AE7208E9481003E0CA7 /* AppDelegate.swift in Sources */,
				AC074AFE208EB2E8003E0CA7 /* baseLocalCoreData.swift in Sources */,
			);
			runOnlyForDeploymentPostprocessing = 0;
		};
/* End PBXSourcesBuildPhase section */

/* Begin PBXVariantGroup section */
		AC074AEA208E9481003E0CA7 /* Main.storyboard */ = {
			isa = PBXVariantGroup;
			children = (
				AC074AEB208E9481003E0CA7 /* Base */,
			);
			name = Main.storyboard;
			sourceTree = "<group>";
		};
		AC074AEF208E9481003E0CA7 /* LaunchScreen.storyboard */ = {
			isa = PBXVariantGroup;
			children = (
				AC074AF0208E9481003E0CA7 /* Base */,
			);
			name = LaunchScreen.storyboard;
			sourceTree = "<group>";
		};
/* End PBXVariantGroup section */

/* Begin XCBuildConfiguration section */
		AC074AF3208E9481003E0CA7 /* Debug */ = {
			isa = XCBuildConfiguration;
			buildSettings = {
				ALWAYS_SEARCH_USER_PATHS = NO;
				CLANG_ANALYZER_NONNULL = YES;
				CLANG_ANALYZER_NUMBER_OBJECT_CONVERSION = YES_AGGRESSIVE;
				CLANG_CXX_LANGUAGE_STANDARD = "gnu++14";
				CLANG_CXX_LIBRARY = "libc++";
				CLANG_ENABLE_MODULES = YES;
				CLANG_ENABLE_OBJC_ARC = YES;
				CLANG_WARN_BLOCK_CAPTURE_AUTORELEASING = YES;
				CLANG_WARN_BOOL_CONVERSION = YES;
				CLANG_WARN_COMMA = YES;
				CLANG_WARN_CONSTANT_CONVERSION = YES;
				CLANG_WARN_DEPRECATED_OBJC_IMPLEMENTATIONS = YES;
				CLANG_WARN_DIRECT_OBJC_ISA_USAGE = YES_ERROR;
				CLANG_WARN_DOCUMENTATION_COMMENTS = YES;
				CLANG_WARN_EMPTY_BODY = YES;
				CLANG_WARN_ENUM_CONVERSION = YES;
				CLANG_WARN_INFINITE_RECURSION = YES;
				CLANG_WARN_INT_CONVERSION = YES;
				CLANG_WARN_NON_LITERAL_NULL_CONVERSION = YES;
				CLANG_WARN_OBJC_IMPLICIT_RETAIN_SELF = YES;
				CLANG_WARN_OBJC_LITERAL_CONVERSION = YES;
				CLANG_WARN_OBJC_ROOT_CLASS = YES_ERROR;
				CLANG_WARN_RANGE_LOOP_ANALYSIS = YES;
				CLANG_WARN_STRICT_PROTOTYPES = YES;
				CLANG_WARN_SUSPICIOUS_MOVE = YES;
				CLANG_WARN_UNGUARDED_AVAILABILITY = YES_AGGRESSIVE;
				CLANG_WARN_UNREACHABLE_CODE = YES;
				CLANG_WARN__DUPLICATE_METHOD_MATCH = YES;
				CODE_SIGN_IDENTITY = "iPhone Developer";
				COPY_PHASE_STRIP = NO;
				DEBUG_INFORMATION_FORMAT = dwarf;
				ENABLE_STRICT_OBJC_MSGSEND = YES;
				ENABLE_TESTABILITY = YES;
				GCC_C_LANGUAGE_STANDARD = gnu11;
				GCC_DYNAMIC_NO_PIC = NO;
				GCC_NO_COMMON_BLOCKS = YES;
				GCC_OPTIMIZATION_LEVEL = 0;
				GCC_PREPROCESSOR_DEFINITIONS = (
					"DEBUG=1",
					"$(inherited)",
				);
				GCC_WARN_64_TO_32_BIT_CONVERSION = YES;
				GCC_WARN_ABOUT_RETURN_TYPE = YES_ERROR;
				GCC_WARN_UNDECLARED_SELECTOR = YES;
				GCC_WARN_UNINITIALIZED_AUTOS = YES_AGGRESSIVE;
				GCC_WARN_UNUSED_FUNCTION = YES;
				GCC_WARN_UNUSED_VARIABLE = YES;
				IPHONEOS_DEPLOYMENT_TARGET = 11.2;
				MTL_ENABLE_DEBUG_INFO = YES;
				ONLY_ACTIVE_ARCH = YES;
				SDKROOT = iphoneos;
				SWIFT_ACTIVE_COMPILATION_CONDITIONS = DEBUG;
				SWIFT_OPTIMIZATION_LEVEL = "-Onone";
			};
			name = Debug;
		};
		AC074AF4208E9481003E0CA7 /* Release */ = {
			isa = XCBuildConfiguration;
			buildSettings = {
				ALWAYS_SEARCH_USER_PATHS = NO;
				CLANG_ANALYZER_NONNULL = YES;
				CLANG_ANALYZER_NUMBER_OBJECT_CONVERSION = YES_AGGRESSIVE;
				CLANG_CXX_LANGUAGE_STANDARD = "gnu++14";
				CLANG_CXX_LIBRARY = "libc++";
				CLANG_ENABLE_MODULES = YES;
				CLANG_ENABLE_OBJC_ARC = YES;
				CLANG_WARN_BLOCK_CAPTURE_AUTORELEASING = YES;
				CLANG_WARN_BOOL_CONVERSION = YES;
				CLANG_WARN_COMMA = YES;
				CLANG_WARN_CONSTANT_CONVERSION = YES;
				CLANG_WARN_DEPRECATED_OBJC_IMPLEMENTATIONS = YES;
				CLANG_WARN_DIRECT_OBJC_ISA_USAGE = YES_ERROR;
				CLANG_WARN_DOCUMENTATION_COMMENTS = YES;
				CLANG_WARN_EMPTY_BODY = YES;
				CLANG_WARN_ENUM_CONVERSION = YES;
				CLANG_WARN_INFINITE_RECURSION = YES;
				CLANG_WARN_INT_CONVERSION = YES;
				CLANG_WARN_NON_LITERAL_NULL_CONVERSION = YES;
				CLANG_WARN_OBJC_IMPLICIT_RETAIN_SELF = YES;
				CLANG_WARN_OBJC_LITERAL_CONVERSION = YES;
				CLANG_WARN_OBJC_ROOT_CLASS = YES_ERROR;
				CLANG_WARN_RANGE_LOOP_ANALYSIS = YES;
				CLANG_WARN_STRICT_PROTOTYPES = YES;
				CLANG_WARN_SUSPICIOUS_MOVE = YES;
				CLANG_WARN_UNGUARDED_AVAILABILITY = YES_AGGRESSIVE;
				CLANG_WARN_UNREACHABLE_CODE = YES;
				CLANG_WARN__DUPLICATE_METHOD_MATCH = YES;
				CODE_SIGN_IDENTITY = "iPhone Developer";
				COPY_PHASE_STRIP = NO;
				DEBUG_INFORMATION_FORMAT = "dwarf-with-dsym";
				ENABLE_NS_ASSERTIONS = NO;
				ENABLE_STRICT_OBJC_MSGSEND = YES;
				GCC_C_LANGUAGE_STANDARD = gnu11;
				GCC_NO_COMMON_BLOCKS = YES;
				GCC_WARN_64_TO_32_BIT_CONVERSION = YES;
				GCC_WARN_ABOUT_RETURN_TYPE = YES_ERROR;
				GCC_WARN_UNDECLARED_SELECTOR = YES;
				GCC_WARN_UNINITIALIZED_AUTOS = YES_AGGRESSIVE;
				GCC_WARN_UNUSED_FUNCTION = YES;
				GCC_WARN_UNUSED_VARIABLE = YES;
				IPHONEOS_DEPLOYMENT_TARGET = 11.2;
				MTL_ENABLE_DEBUG_INFO = NO;
				SDKROOT = iphoneos;
				SWIFT_OPTIMIZATION_LEVEL = "-Owholemodule";
				VALIDATE_PRODUCT = YES;
			};
			name = Release;
		};
		AC074AF6208E9481003E0CA7 /* Debug */ = {
			isa = XCBuildConfiguration;
			buildSettings = {
				ASSETCATALOG_COMPILER_APPICON_NAME = AppIcon;
				CODE_SIGN_STYLE = Automatic;
				INFOPLIST_FILE = valorReal/Info.plist;
				LD_RUNPATH_SEARCH_PATHS = "$(inherited) @executable_path/Frameworks";
				PRODUCT_BUNDLE_IDENTIFIER = fiap.valorReal;
				PRODUCT_NAME = "$(TARGET_NAME)";
				SWIFT_VERSION = 4.0;
				TARGETED_DEVICE_FAMILY = "1,2";
			};
			name = Debug;
		};
		AC074AF7208E9481003E0CA7 /* Release */ = {
			isa = XCBuildConfiguration;
			buildSettings = {
				ASSETCATALOG_COMPILER_APPICON_NAME = AppIcon;
				CODE_SIGN_STYLE = Automatic;
				INFOPLIST_FILE = valorReal/Info.plist;
				LD_RUNPATH_SEARCH_PATHS = "$(inherited) @executable_path/Frameworks";
				PRODUCT_BUNDLE_IDENTIFIER = fiap.valorReal;
				PRODUCT_NAME = "$(TARGET_NAME)";
				SWIFT_VERSION = 4.0;
				TARGETED_DEVICE_FAMILY = "1,2";
			};
			name = Release;
		};
/* End XCBuildConfiguration section */

/* Begin XCConfigurationList section */
		AC074ADE208E9481003E0CA7 /* Build configuration list for PBXProject "valorReal" */ = {
			isa = XCConfigurationList;
			buildConfigurations = (
				AC074AF3208E9481003E0CA7 /* Debug */,
				AC074AF4208E9481003E0CA7 /* Release */,
			);
			defaultConfigurationIsVisible = 0;
			defaultConfigurationName = Release;
		};
		AC074AF5208E9481003E0CA7 /* Build configuration list for PBXNativeTarget "valorReal" */ = {
			isa = XCConfigurationList;
			buildConfigurations = (
				AC074AF6208E9481003E0CA7 /* Debug */,
				AC074AF7208E9481003E0CA7 /* Release */,
			);
			defaultConfigurationIsVisible = 0;
			defaultConfigurationName = Release;
		};
/* End XCConfigurationList section */

/* Begin XCVersionGroup section */
		AC074AFF208EB38D003E0CA7 /* AppDelegate.xcdatamodeld */ = {
			isa = XCVersionGroup;
			children = (
				AC074B00208EB38D003E0CA7 /* AppDelegate.xcdatamodel */,
			);
			currentVersion = AC074B00208EB38D003E0CA7 /* AppDelegate.xcdatamodel */;
			path = AppDelegate.xcdatamodeld;
			sourceTree = "<group>";
			versionGroupType = wrapper.xcdatamodel;
		};
/* End XCVersionGroup section */
	};
	rootObject = AC074ADB208E9481003E0CA7 /* Project object */;
}
